// !$*UTF8*$!
{
	archiveVersion = 1;
	classes = {
	};
	objectVersion = 56;
	objects = {

/* Begin PBXBuildFile section */
		46DE1ACD2ADB4D7600153518 /* AppDelegate.swift in Sources */ = {isa = PBXBuildFile; fileRef = 46DE1ACC2ADB4D7600153518 /* AppDelegate.swift */; };
		46DE1ACF2ADB4D7600153518 /* SceneDelegate.swift in Sources */ = {isa = PBXBuildFile; fileRef = 46DE1ACE2ADB4D7600153518 /* SceneDelegate.swift */; };
		46DE1AD12ADB4D7600153518 /* ViewController.swift in Sources */ = {isa = PBXBuildFile; fileRef = 46DE1AD02ADB4D7600153518 /* ViewController.swift */; };
		46DE1AD42ADB4D7600153518 /* Main.storyboard in Resources */ = {isa = PBXBuildFile; fileRef = 46DE1AD22ADB4D7600153518 /* Main.storyboard */; };
		46DE1AD62ADB4D7800153518 /* Assets.xcassets in Resources */ = {isa = PBXBuildFile; fileRef = 46DE1AD52ADB4D7800153518 /* Assets.xcassets */; };
		46DE1AD92ADB4D7800153518 /* LaunchScreen.storyboard in Resources */ = {isa = PBXBuildFile; fileRef = 46DE1AD72ADB4D7800153518 /* LaunchScreen.storyboard */; };
		46DE1AE12ADB4EC600153518 /* StockClass.swift in Sources */ = {isa = PBXBuildFile; fileRef = 46DE1AE02ADB4EC600153518 /* StockClass.swift */; };
		46DE1AE42ADB50F100153518 /* Constants.swift in Sources */ = {isa = PBXBuildFile; fileRef = 46DE1AE32ADB50F100153518 /* Constants.swift */; };
		F66DA42F481B9D46CBC9AECA /* Pods_LocalDBUsingRealm.framework in Frameworks */ = {isa = PBXBuildFile; fileRef = 4ED3292D568C83065F08C54D /* Pods_LocalDBUsingRealm.framework */; };
/* End PBXBuildFile section */

/* Begin PBXFileReference section */
		46DE1AC92ADB4D7600153518 /* LocalDBUsingRealm.app */ = {isa = PBXFileReference; explicitFileType = wrapper.application; includeInIndex = 0; path = LocalDBUsingRealm.app; sourceTree = BUILT_PRODUCTS_DIR; };
		46DE1ACC2ADB4D7600153518 /* AppDelegate.swift */ = {isa = PBXFileReference; lastKnownFileType = sourcecode.swift; path = AppDelegate.swift; sourceTree = "<group>"; };
		46DE1ACE2ADB4D7600153518 /* SceneDelegate.swift */ = {isa = PBXFileReference; lastKnownFileType = sourcecode.swift; path = SceneDelegate.swift; sourceTree = "<group>"; };
		46DE1AD02ADB4D7600153518 /* ViewController.swift */ = {isa = PBXFileReference; lastKnownFileType = sourcecode.swift; path = ViewController.swift; sourceTree = "<group>"; };
		46DE1AD32ADB4D7600153518 /* Base */ = {isa = PBXFileReference; lastKnownFileType = file.storyboard; name = Base; path = Base.lproj/Main.storyboard; sourceTree = "<group>"; };
		46DE1AD52ADB4D7800153518 /* Assets.xcassets */ = {isa = PBXFileReference; lastKnownFileType = folder.assetcatalog; path = Assets.xcassets; sourceTree = "<group>"; };
		46DE1AD82ADB4D7800153518 /* Base */ = {isa = PBXFileReference; lastKnownFileType = file.storyboard; name = Base; path = Base.lproj/LaunchScreen.storyboard; sourceTree = "<group>"; };
		46DE1ADA2ADB4D7800153518 /* Info.plist */ = {isa = PBXFileReference; lastKnownFileType = text.plist.xml; path = Info.plist; sourceTree = "<group>"; };
		46DE1AE02ADB4EC600153518 /* StockClass.swift */ = {isa = PBXFileReference; lastKnownFileType = sourcecode.swift; path = StockClass.swift; sourceTree = "<group>"; };
		46DE1AE32ADB50F100153518 /* Constants.swift */ = {isa = PBXFileReference; lastKnownFileType = sourcecode.swift; path = Constants.swift; sourceTree = "<group>"; };
		4ED3292D568C83065F08C54D /* Pods_LocalDBUsingRealm.framework */ = {isa = PBXFileReference; explicitFileType = wrapper.framework; includeInIndex = 0; path = Pods_LocalDBUsingRealm.framework; sourceTree = BUILT_PRODUCTS_DIR; };
		9B8FC35BFB6E5322ABFDB828 /* Pods-LocalDBUsingRealm.release.xcconfig */ = {isa = PBXFileReference; includeInIndex = 1; lastKnownFileType = text.xcconfig; name = "Pods-LocalDBUsingRealm.release.xcconfig"; path = "Target Support Files/Pods-LocalDBUsingRealm/Pods-LocalDBUsingRealm.release.xcconfig"; sourceTree = "<group>"; };
		C157D8DB2590016CFD50FC69 /* Pods-LocalDBUsingRealm.debug.xcconfig */ = {isa = PBXFileReference; includeInIndex = 1; lastKnownFileType = text.xcconfig; name = "Pods-LocalDBUsingRealm.debug.xcconfig"; path = "Target Support Files/Pods-LocalDBUsingRealm/Pods-LocalDBUsingRealm.debug.xcconfig"; sourceTree = "<group>"; };
/* End PBXFileReference section */

/* Begin PBXFrameworksBuildPhase section */
		46DE1AC62ADB4D7600153518 /* Frameworks */ = {
			isa = PBXFrameworksBuildPhase;
			buildActionMask = 2147483647;
			files = (
				F66DA42F481B9D46CBC9AECA /* Pods_LocalDBUsingRealm.framework in Frameworks */,
			);
			runOnlyForDeploymentPostprocessing = 0;
		};
/* End PBXFrameworksBuildPhase section */

/* Begin PBXGroup section */
		46DE1AC02ADB4D7600153518 = {
			isa = PBXGroup;
			children = (
				46DE1ACB2ADB4D7600153518 /* LocalDBUsingRealm */,
				46DE1ACA2ADB4D7600153518 /* Products */,
				FA1932D637120B96F0E7142D /* Pods */,
				A5386786429B8FE6B5461939 /* Frameworks */,
			);
			sourceTree = "<group>";
		};
		46DE1ACA2ADB4D7600153518 /* Products */ = {
			isa = PBXGroup;
			children = (
				46DE1AC92ADB4D7600153518 /* LocalDBUsingRealm.app */,
			);
			name = Products;
			sourceTree = "<group>";
		};
		46DE1ACB2ADB4D7600153518 /* LocalDBUsingRealm */ = {
			isa = PBXGroup;
			children = (
				46DE1AE22ADB50DF00153518 /* Utils */,
				46DE1ACC2ADB4D7600153518 /* AppDelegate.swift */,
				46DE1ACE2ADB4D7600153518 /* SceneDelegate.swift */,
				46DE1AD02ADB4D7600153518 /* ViewController.swift */,
				46DE1AD22ADB4D7600153518 /* Main.storyboard */,
				46DE1AD52ADB4D7800153518 /* Assets.xcassets */,
				46DE1AD72ADB4D7800153518 /* LaunchScreen.storyboard */,
				46DE1ADA2ADB4D7800153518 /* Info.plist */,
				46DE1AE02ADB4EC600153518 /* StockClass.swift */,
			);
			path = LocalDBUsingRealm;
			sourceTree = "<group>";
		};
		46DE1AE22ADB50DF00153518 /* Utils */ = {
			isa = PBXGroup;
			children = (
				46DE1AE32ADB50F100153518 /* Constants.swift */,
			);
			path = Utils;
			sourceTree = "<group>";
		};
		A5386786429B8FE6B5461939 /* Frameworks */ = {
			isa = PBXGroup;
			children = (
				4ED3292D568C83065F08C54D /* Pods_LocalDBUsingRealm.framework */,
			);
			name = Frameworks;
			sourceTree = "<group>";
		};
		FA1932D637120B96F0E7142D /* Pods */ = {
			isa = PBXGroup;
			children = (
				C157D8DB2590016CFD50FC69 /* Pods-LocalDBUsingRealm.debug.xcconfig */,
				9B8FC35BFB6E5322ABFDB828 /* Pods-LocalDBUsingRealm.release.xcconfig */,
			);
			path = Pods;
			sourceTree = "<group>";
		};
/* End PBXGroup section */

/* Begin PBXNativeTarget section */
		46DE1AC82ADB4D7600153518 /* LocalDBUsingRealm */ = {
			isa = PBXNativeTarget;
			buildConfigurationList = 46DE1ADD2ADB4D7800153518 /* Build configuration list for PBXNativeTarget "LocalDBUsingRealm" */;
			buildPhases = (
				ED427B1D506890C83A0FCE18 /* [CP] Check Pods Manifest.lock */,
				46DE1AC52ADB4D7600153518 /* Sources */,
				46DE1AC62ADB4D7600153518 /* Frameworks */,
				46DE1AC72ADB4D7600153518 /* Resources */,
				C0D3F866AEA70B2318D0660F /* [CP] Embed Pods Frameworks */,
			);
			buildRules = (
			);
			dependencies = (
			);
			name = LocalDBUsingRealm;
			productName = LocalDBUsingRealm;
			productReference = 46DE1AC92ADB4D7600153518 /* LocalDBUsingRealm.app */;
			productType = "com.apple.product-type.application";
		};
/* End PBXNativeTarget section */

/* Begin PBXProject section */
		46DE1AC12ADB4D7600153518 /* Project object */ = {
			isa = PBXProject;
			attributes = {
				BuildIndependentTargetsInParallel = 1;
				LastSwiftUpdateCheck = 1430;
				LastUpgradeCheck = 1430;
				TargetAttributes = {
					46DE1AC82ADB4D7600153518 = {
						CreatedOnToolsVersion = 14.3.1;
					};
				};
			};
			buildConfigurationList = 46DE1AC42ADB4D7600153518 /* Build configuration list for PBXProject "LocalDBUsingRealm" */;
			compatibilityVersion = "Xcode 14.0";
			developmentRegion = en;
			hasScannedForEncodings = 0;
			knownRegions = (
				en,
				Base,
			);
			mainGroup = 46DE1AC02ADB4D7600153518;
			productRefGroup = 46DE1ACA2ADB4D7600153518 /* Products */;
			projectDirPath = "";
			projectRoot = "";
			targets = (
				46DE1AC82ADB4D7600153518 /* LocalDBUsingRealm */,
			);
		};
/* End PBXProject section */

/* Begin PBXResourcesBuildPhase section */
		46DE1AC72ADB4D7600153518 /* Resources */ = {
			isa = PBXResourcesBuildPhase;
			buildActionMask = 2147483647;
			files = (
				46DE1AD92ADB4D7800153518 /* LaunchScreen.storyboard in Resources */,
				46DE1AD62ADB4D7800153518 /* Assets.xcassets in Resources */,
				46DE1AD42ADB4D7600153518 /* Main.storyboard in Resources */,
			);
			runOnlyForDeploymentPostprocessing = 0;
		};
/* End PBXResourcesBuildPhase section */

/* Begin PBXShellScriptBuildPhase section */
		C0D3F866AEA70B2318D0660F /* [CP] Embed Pods Frameworks */ = {
			isa = PBXShellScriptBuildPhase;
			buildActionMask = 2147483647;
			files = (
			);
			inputFileListPaths = (
				"${PODS_ROOT}/Target Support Files/Pods-LocalDBUsingRealm/Pods-LocalDBUsingRealm-frameworks-${CONFIGURATION}-input-files.xcfilelist",
			);
			name = "[CP] Embed Pods Frameworks";
			outputFileListPaths = (
				"${PODS_ROOT}/Target Support Files/Pods-LocalDBUsingRealm/Pods-LocalDBUsingRealm-frameworks-${CONFIGURATION}-output-files.xcfilelist",
			);
			runOnlyForDeploymentPostprocessing = 0;
			shellPath = /bin/sh;
			shellScript = "\"${PODS_ROOT}/Target Support Files/Pods-LocalDBUsingRealm/Pods-LocalDBUsingRealm-frameworks.sh\"\n";
			showEnvVarsInLog = 0;
		};
		ED427B1D506890C83A0FCE18 /* [CP] Check Pods Manifest.lock */ = {
			isa = PBXShellScriptBuildPhase;
			buildActionMask = 2147483647;
			files = (
			);
			inputFileListPaths = (
			);
			inputPaths = (
				"${PODS_PODFILE_DIR_PATH}/Podfile.lock",
				"${PODS_ROOT}/Manifest.lock",
			);
			name = "[CP] Check Pods Manifest.lock";
			outputFileListPaths = (
			);
			outputPaths = (
				"$(DERIVED_FILE_DIR)/Pods-LocalDBUsingRealm-checkManifestLockResult.txt",
			);
			runOnlyForDeploymentPostprocessing = 0;
			shellPath = /bin/sh;
			shellScript = "diff \"${PODS_PODFILE_DIR_PATH}/Podfile.lock\" \"${PODS_ROOT}/Manifest.lock\" > /dev/null\nif [ $? != 0 ] ; then\n    # print error to STDERR\n    echo \"error: The sandbox is not in sync with the Podfile.lock. Run 'pod install' or update your CocoaPods installation.\" >&2\n    exit 1\nfi\n# This output is used by Xcode 'outputs' to avoid re-running this script phase.\necho \"SUCCESS\" > \"${SCRIPT_OUTPUT_FILE_0}\"\n";
			showEnvVarsInLog = 0;
		};
/* End PBXShellScriptBuildPhase section */

/* Begin PBXSourcesBuildPhase section */
		46DE1AC52ADB4D7600153518 /* Sources */ = {
			isa = PBXSourcesBuildPhase;
			buildActionMask = 2147483647;
			files = (
				46DE1AE42ADB50F100153518 /* Constants.swift in Sources */,
				46DE1AD12ADB4D7600153518 /* ViewController.swift in Sources */,
				46DE1AE12ADB4EC600153518 /* StockClass.swift in Sources */,
				46DE1ACD2ADB4D7600153518 /* AppDelegate.swift in Sources */,
				46DE1ACF2ADB4D7600153518 /* SceneDelegate.swift in Sources */,
			);
			runOnlyForDeploymentPostprocessing = 0;
		};
/* End PBXSourcesBuildPhase section */

/* Begin PBXVariantGroup section */
		46DE1AD22ADB4D7600153518 /* Main.storyboard */ = {
			isa = PBXVariantGroup;
			children = (
				46DE1AD32ADB4D7600153518 /* Base */,
			);
			name = Main.storyboard;
			sourceTree = "<group>";
		};
		46DE1AD72ADB4D7800153518 /* LaunchScreen.storyboard */ = {
			isa = PBXVariantGroup;
			children = (
				46DE1AD82ADB4D7800153518 /* Base */,
			);
			name = LaunchScreen.storyboard;
			sourceTree = "<group>";
		};
/* End PBXVariantGroup section */

/* Begin XCBuildConfiguration section */
		46DE1ADB2ADB4D7800153518 /* Debug */ = {
			isa = XCBuildConfiguration;
			buildSettings = {
				ALWAYS_SEARCH_USER_PATHS = NO;
				CLANG_ANALYZER_NONNULL = YES;
				CLANG_ANALYZER_NUMBER_OBJECT_CONVERSION = YES_AGGRESSIVE;
				CLANG_CXX_LANGUAGE_STANDARD = "gnu++20";
				CLANG_ENABLE_MODULES = YES;
				CLANG_ENABLE_OBJC_ARC = YES;
				CLANG_ENABLE_OBJC_WEAK = YES;
				CLANG_WARN_BLOCK_CAPTURE_AUTORELEASING = YES;
				CLANG_WARN_BOOL_CONVERSION = YES;
				CLANG_WARN_COMMA = YES;
				CLANG_WARN_CONSTANT_CONVERSION = YES;
				CLANG_WARN_DEPRECATED_OBJC_IMPLEMENTATIONS = YES;
				CLANG_WARN_DIRECT_OBJC_ISA_USAGE = YES_ERROR;
				CLANG_WARN_DOCUMENTATION_COMMENTS = YES;
				CLANG_WARN_EMPTY_BODY = YES;
				CLANG_WARN_ENUM_CONVERSION = YES;
				CLANG_WARN_INFINITE_RECURSION = YES;
				CLANG_WARN_INT_CONVERSION = YES;
				CLANG_WARN_NON_LITERAL_NULL_CONVERSION = YES;
				CLANG_WARN_OBJC_IMPLICIT_RETAIN_SELF = YES;
				CLANG_WARN_OBJC_LITERAL_CONVERSION = YES;
				CLANG_WARN_OBJC_ROOT_CLASS = YES_ERROR;
				CLANG_WARN_QUOTED_INCLUDE_IN_FRAMEWORK_HEADER = YES;
				CLANG_WARN_RANGE_LOOP_ANALYSIS = YES;
				CLANG_WARN_STRICT_PROTOTYPES = YES;
				CLANG_WARN_SUSPICIOUS_MOVE = YES;
				CLANG_WARN_UNGUARDED_AVAILABILITY = YES_AGGRESSIVE;
				CLANG_WARN_UNREACHABLE_CODE = YES;
				CLANG_WARN__DUPLICATE_METHOD_MATCH = YES;
				COPY_PHASE_STRIP = NO;
				DEBUG_INFORMATION_FORMAT = dwarf;
				ENABLE_STRICT_OBJC_MSGSEND = YES;
				ENABLE_TESTABILITY = YES;
				GCC_C_LANGUAGE_STANDARD = gnu11;
				GCC_DYNAMIC_NO_PIC = NO;
				GCC_NO_COMMON_BLOCKS = YES;
				GCC_OPTIMIZATION_LEVEL = 0;
				GCC_PREPROCESSOR_DEFINITIONS = (
					"DEBUG=1",
					"$(inherited)",
				);
				GCC_WARN_64_TO_32_BIT_CONVERSION = YES;
				GCC_WARN_ABOUT_RETURN_TYPE = YES_ERROR;
				GCC_WARN_UNDECLARED_SELECTOR = YES;
				GCC_WARN_UNINITIALIZED_AUTOS = YES_AGGRESSIVE;
				GCC_WARN_UNUSED_FUNCTION = YES;
				GCC_WARN_UNUSED_VARIABLE = YES;
				IPHONEOS_DEPLOYMENT_TARGET = 16.4;
				MTL_ENABLE_DEBUG_INFO = INCLUDE_SOURCE;
				MTL_FAST_MATH = YES;
				ONLY_ACTIVE_ARCH = YES;
				SDKROOT = iphoneos;
				SWIFT_ACTIVE_COMPILATION_CONDITIONS = DEBUG;
				SWIFT_OPTIMIZATION_LEVEL = "-Onone";
			};
			name = Debug;
		};
		46DE1ADC2ADB4D7800153518 /* Release */ = {
			isa = XCBuildConfiguration;
			buildSettings = {
				ALWAYS_SEARCH_USER_PATHS = NO;
				CLANG_ANALYZER_NONNULL = YES;
				CLANG_ANALYZER_NUMBER_OBJECT_CONVERSION = YES_AGGRESSIVE;
				CLANG_CXX_LANGUAGE_STANDARD = "gnu++20";
				CLANG_ENABLE_MODULES = YES;
				CLANG_ENABLE_OBJC_ARC = YES;
				CLANG_ENABLE_OBJC_WEAK = YES;
				CLANG_WARN_BLOCK_CAPTURE_AUTORELEASING = YES;
				CLANG_WARN_BOOL_CONVERSION = YES;
				CLANG_WARN_COMMA = YES;
				CLANG_WARN_CONSTANT_CONVERSION = YES;
				CLANG_WARN_DEPRECATED_OBJC_IMPLEMENTATIONS = YES;
				CLANG_WARN_DIRECT_OBJC_ISA_USAGE = YES_ERROR;
				CLANG_WARN_DOCUMENTATION_COMMENTS = YES;
				CLANG_WARN_EMPTY_BODY = YES;
				CLANG_WARN_ENUM_CONVERSION = YES;
				CLANG_WARN_INFINITE_RECURSION = YES;
				CLANG_WARN_INT_CONVERSION = YES;
				CLANG_WARN_NON_LITERAL_NULL_CONVERSION = YES;
				CLANG_WARN_OBJC_IMPLICIT_RETAIN_SELF = YES;
				CLANG_WARN_OBJC_LITERAL_CONVERSION = YES;
				CLANG_WARN_OBJC_ROOT_CLASS = YES_ERROR;
				CLANG_WARN_QUOTED_INCLUDE_IN_FRAMEWORK_HEADER = YES;
				CLANG_WARN_RANGE_LOOP_ANALYSIS = YES;
				CLANG_WARN_STRICT_PROTOTYPES = YES;
				CLANG_WARN_SUSPICIOUS_MOVE = YES;
				CLANG_WARN_UNGUARDED_AVAILABILITY = YES_AGGRESSIVE;
				CLANG_WARN_UNREACHABLE_CODE = YES;
				CLANG_WARN__DUPLICATE_METHOD_MATCH = YES;
				COPY_PHASE_STRIP = NO;
				DEBUG_INFORMATION_FORMAT = "dwarf-with-dsym";
				ENABLE_NS_ASSERTIONS = NO;
				ENABLE_STRICT_OBJC_MSGSEND = YES;
				GCC_C_LANGUAGE_STANDARD = gnu11;
				GCC_NO_COMMON_BLOCKS = YES;
				GCC_WARN_64_TO_32_BIT_CONVERSION = YES;
				GCC_WARN_ABOUT_RETURN_TYPE = YES_ERROR;
				GCC_WARN_UNDECLARED_SELECTOR = YES;
				GCC_WARN_UNINITIALIZED_AUTOS = YES_AGGRESSIVE;
				GCC_WARN_UNUSED_FUNCTION = YES;
				GCC_WARN_UNUSED_VARIABLE = YES;
				IPHONEOS_DEPLOYMENT_TARGET = 16.4;
				MTL_ENABLE_DEBUG_INFO = NO;
				MTL_FAST_MATH = YES;
				SDKROOT = iphoneos;
				SWIFT_COMPILATION_MODE = wholemodule;
				SWIFT_OPTIMIZATION_LEVEL = "-O";
				VALIDATE_PRODUCT = YES;
			};
			name = Release;
		};
		46DE1ADE2ADB4D7800153518 /* Debug */ = {
			isa = XCBuildConfiguration;
			baseConfigurationReference = C157D8DB2590016CFD50FC69 /* Pods-LocalDBUsingRealm.debug.xcconfig */;
			buildSettings = {
				ASSETCATALOG_COMPILER_APPICON_NAME = AppIcon;
				ASSETCATALOG_COMPILER_GLOBAL_ACCENT_COLOR_NAME = AccentColor;
				CODE_SIGN_STYLE = Automatic;
				CURRENT_PROJECT_VERSION = 1;
				DEVELOPMENT_TEAM = DJQS9YSS64;
				GENERATE_INFOPLIST_FILE = YES;
				INFOPLIST_FILE = LocalDBUsingRealm/Info.plist;
				INFOPLIST_KEY_UIApplicationSupportsIndirectInputEvents = YES;
				INFOPLIST_KEY_UILaunchStoryboardName = LaunchScreen;
				INFOPLIST_KEY_UIMainStoryboardFile = Main;
				INFOPLIST_KEY_UISupportedInterfaceOrientations_iPad = "UIInterfaceOrientationPortrait UIInterfaceOrientationPortraitUpsideDown UIInterfaceOrientationLandscapeLeft UIInterfaceOrientationLandscapeRight";
				INFOPLIST_KEY_UISupportedInterfaceOrientations_iPhone = "UIInterfaceOrientationPortrait UIInterfaceOrientationLandscapeLeft UIInterfaceOrientationLandscapeRight";
				LD_RUNPATH_SEARCH_PATHS = (
					"$(inherited)",
					"@executable_path/Frameworks",
				);
				MARKETING_VERSION = 1.0;
				PRODUCT_BUNDLE_IDENTIFIER = edu.northeastern.ashish.LocalDBUsingRealm;
				PRODUCT_NAME = "$(TARGET_NAME)";
				SWIFT_EMIT_LOC_STRINGS = YES;
				SWIFT_VERSION = 5.0;
				TARGETED_DEVICE_FAMILY = "1,2";
			};
			name = Debug;
		};
		46DE1ADF2ADB4D7800153518 /* Release */ = {
			isa = XCBuildConfiguration;
			baseConfigurationReference = 9B8FC35BFB6E5322ABFDB828 /* Pods-LocalDBUsingRealm.release.xcconfig */;
			buildSettings = {
				ASSETCATALOG_COMPILER_APPICON_NAME = AppIcon;
				ASSETCATALOG_COMPILER_GLOBAL_ACCENT_COLOR_NAME = AccentColor;
				CODE_SIGN_STYLE = Automatic;
				CURRENT_PROJECT_VERSION = 1;
				DEVELOPMENT_TEAM = DJQS9YSS64;
				GENERATE_INFOPLIST_FILE = YES;
				INFOPLIST_FILE = LocalDBUsingRealm/Info.plist;
				INFOPLIST_KEY_UIApplicationSupportsIndirectInputEvents = YES;
				INFOPLIST_KEY_UILaunchStoryboardName = LaunchScreen;
				INFOPLIST_KEY_UIMainStoryboardFile = Main;
				INFOPLIST_KEY_UISupportedInterfaceOrientations_iPad = "UIInterfaceOrientationPortrait UIInterfaceOrientationPortraitUpsideDown UIInterfaceOrientationLandscapeLeft UIInterfaceOrientationLandscapeRight";
				INFOPLIST_KEY_UISupportedInterfaceOrientations_iPhone = "UIInterfaceOrientationPortrait UIInterfaceOrientationLandscapeLeft UIInterfaceOrientationLandscapeRight";
				LD_RUNPATH_SEARCH_PATHS = (
					"$(inherited)",
					"@executable_path/Frameworks",
				);
				MARKETING_VERSION = 1.0;
				PRODUCT_BUNDLE_IDENTIFIER = edu.northeastern.ashish.LocalDBUsingRealm;
				PRODUCT_NAME = "$(TARGET_NAME)";
				SWIFT_EMIT_LOC_STRINGS = YES;
				SWIFT_VERSION = 5.0;
				TARGETED_DEVICE_FAMILY = "1,2";
			};
			name = Release;
		};
/* End XCBuildConfiguration section */

/* Begin XCConfigurationList section */
		46DE1AC42ADB4D7600153518 /* Build configuration list for PBXProject "LocalDBUsingRealm" */ = {
			isa = XCConfigurationList;
			buildConfigurations = (
				46DE1ADB2ADB4D7800153518 /* Debug */,
				46DE1ADC2ADB4D7800153518 /* Release */,
			);
			defaultConfigurationIsVisible = 0;
			defaultConfigurationName = Release;
		};
		46DE1ADD2ADB4D7800153518 /* Build configuration list for PBXNativeTarget "LocalDBUsingRealm" */ = {
			isa = XCConfigurationList;
			buildConfigurations = (
				46DE1ADE2ADB4D7800153518 /* Debug */,
				46DE1ADF2ADB4D7800153518 /* Release */,
			);
			defaultConfigurationIsVisible = 0;
			defaultConfigurationName = Release;
		};
/* End XCConfigurationList section */
	};
	rootObject = 46DE1AC12ADB4D7600153518 /* Project object */;
}
