// !$*UTF8*$!
{
	archiveVersion = 1;
	classes = {
	};
	objectVersion = 56;
	objects = {

/* Begin PBXBuildFile section */
		4698DEC92ADB411500649E9B /* AppDelegate.swift in Sources */ = {isa = PBXBuildFile; fileRef = 4698DEC82ADB411500649E9B /* AppDelegate.swift */; };
		4698DECB2ADB411500649E9B /* SceneDelegate.swift in Sources */ = {isa = PBXBuildFile; fileRef = 4698DECA2ADB411500649E9B /* SceneDelegate.swift */; };
		4698DECD2ADB411500649E9B /* ViewController.swift in Sources */ = {isa = PBXBuildFile; fileRef = 4698DECC2ADB411500649E9B /* ViewController.swift */; };
		4698DED02ADB411500649E9B /* Main.storyboard in Resources */ = {isa = PBXBuildFile; fileRef = 4698DECE2ADB411500649E9B /* Main.storyboard */; };
		4698DED22ADB411900649E9B /* Assets.xcassets in Resources */ = {isa = PBXBuildFile; fileRef = 4698DED12ADB411900649E9B /* Assets.xcassets */; };
		4698DED52ADB411900649E9B /* LaunchScreen.storyboard in Resources */ = {isa = PBXBuildFile; fileRef = 4698DED32ADB411900649E9B /* LaunchScreen.storyboard */; };
		4698DEDE2ADB435F00649E9B /* Constants.swift in Sources */ = {isa = PBXBuildFile; fileRef = 4698DEDD2ADB435F00649E9B /* Constants.swift */; };
		72BD5D803FBA4804F9D87E79 /* Pods_APICallExample.framework in Frameworks */ = {isa = PBXBuildFile; fileRef = 791DB7BA84CAFF491FD8DFBE /* Pods_APICallExample.framework */; };
/* End PBXBuildFile section */

/* Begin PBXFileReference section */
		3EEAA1B23B4DBB35D99FEA38 /* Pods-APICallExample.release.xcconfig */ = {isa = PBXFileReference; includeInIndex = 1; lastKnownFileType = text.xcconfig; name = "Pods-APICallExample.release.xcconfig"; path = "Target Support Files/Pods-APICallExample/Pods-APICallExample.release.xcconfig"; sourceTree = "<group>"; };
		4698DEC52ADB411500649E9B /* APICallExample.app */ = {isa = PBXFileReference; explicitFileType = wrapper.application; includeInIndex = 0; path = APICallExample.app; sourceTree = BUILT_PRODUCTS_DIR; };
		4698DEC82ADB411500649E9B /* AppDelegate.swift */ = {isa = PBXFileReference; lastKnownFileType = sourcecode.swift; path = AppDelegate.swift; sourceTree = "<group>"; };
		4698DECA2ADB411500649E9B /* SceneDelegate.swift */ = {isa = PBXFileReference; lastKnownFileType = sourcecode.swift; path = SceneDelegate.swift; sourceTree = "<group>"; };
		4698DECC2ADB411500649E9B /* ViewController.swift */ = {isa = PBXFileReference; lastKnownFileType = sourcecode.swift; path = ViewController.swift; sourceTree = "<group>"; };
		4698DECF2ADB411500649E9B /* Base */ = {isa = PBXFileReference; lastKnownFileType = file.storyboard; name = Base; path = Base.lproj/Main.storyboard; sourceTree = "<group>"; };
		4698DED12ADB411900649E9B /* Assets.xcassets */ = {isa = PBXFileReference; lastKnownFileType = folder.assetcatalog; path = Assets.xcassets; sourceTree = "<group>"; };
		4698DED42ADB411900649E9B /* Base */ = {isa = PBXFileReference; lastKnownFileType = file.storyboard; name = Base; path = Base.lproj/LaunchScreen.storyboard; sourceTree = "<group>"; };
		4698DED62ADB411900649E9B /* Info.plist */ = {isa = PBXFileReference; lastKnownFileType = text.plist.xml; path = Info.plist; sourceTree = "<group>"; };
		4698DEDD2ADB435F00649E9B /* Constants.swift */ = {isa = PBXFileReference; lastKnownFileType = sourcecode.swift; path = Constants.swift; sourceTree = "<group>"; };
		791DB7BA84CAFF491FD8DFBE /* Pods_APICallExample.framework */ = {isa = PBXFileReference; explicitFileType = wrapper.framework; includeInIndex = 0; path = Pods_APICallExample.framework; sourceTree = BUILT_PRODUCTS_DIR; };
		98DC9A04D0BC0B1032A30790 /* Pods-APICallExample.debug.xcconfig */ = {isa = PBXFileReference; includeInIndex = 1; lastKnownFileType = text.xcconfig; name = "Pods-APICallExample.debug.xcconfig"; path = "Target Support Files/Pods-APICallExample/Pods-APICallExample.debug.xcconfig"; sourceTree = "<group>"; };
/* End PBXFileReference section */

/* Begin PBXFrameworksBuildPhase section */
		4698DEC22ADB411500649E9B /* Frameworks */ = {
			isa = PBXFrameworksBuildPhase;
			buildActionMask = 2147483647;
			files = (
				72BD5D803FBA4804F9D87E79 /* Pods_APICallExample.framework in Frameworks */,
			);
			runOnlyForDeploymentPostprocessing = 0;
		};
/* End PBXFrameworksBuildPhase section */

/* Begin PBXGroup section */
		0CB430513F249D5513C547D5 /* Pods */ = {
			isa = PBXGroup;
			children = (
				98DC9A04D0BC0B1032A30790 /* Pods-APICallExample.debug.xcconfig */,
				3EEAA1B23B4DBB35D99FEA38 /* Pods-APICallExample.release.xcconfig */,
			);
			path = Pods;
			sourceTree = "<group>";
		};
		30B9AE39A46762408D9A679A /* Frameworks */ = {
			isa = PBXGroup;
			children = (
				791DB7BA84CAFF491FD8DFBE /* Pods_APICallExample.framework */,
			);
			name = Frameworks;
			sourceTree = "<group>";
		};
		4698DEBC2ADB411500649E9B = {
			isa = PBXGroup;
			children = (
				4698DEC72ADB411500649E9B /* APICallExample */,
				4698DEC62ADB411500649E9B /* Products */,
				0CB430513F249D5513C547D5 /* Pods */,
				30B9AE39A46762408D9A679A /* Frameworks */,
			);
			sourceTree = "<group>";
		};
		4698DEC62ADB411500649E9B /* Products */ = {
			isa = PBXGroup;
			children = (
				4698DEC52ADB411500649E9B /* APICallExample.app */,
			);
			name = Products;
			sourceTree = "<group>";
		};
		4698DEC72ADB411500649E9B /* APICallExample */ = {
			isa = PBXGroup;
			children = (
				4698DEDC2ADB434600649E9B /* Utils */,
				4698DEC82ADB411500649E9B /* AppDelegate.swift */,
				4698DECA2ADB411500649E9B /* SceneDelegate.swift */,
				4698DECC2ADB411500649E9B /* ViewController.swift */,
				4698DECE2ADB411500649E9B /* Main.storyboard */,
				4698DED12ADB411900649E9B /* Assets.xcassets */,
				4698DED32ADB411900649E9B /* LaunchScreen.storyboard */,
				4698DED62ADB411900649E9B /* Info.plist */,
			);
			path = APICallExample;
			sourceTree = "<group>";
		};
		4698DEDC2ADB434600649E9B /* Utils */ = {
			isa = PBXGroup;
			children = (
				4698DEDD2ADB435F00649E9B /* Constants.swift */,
			);
			path = Utils;
			sourceTree = "<group>";
		};
/* End PBXGroup section */

/* Begin PBXNativeTarget section */
		4698DEC42ADB411500649E9B /* APICallExample */ = {
			isa = PBXNativeTarget;
			buildConfigurationList = 4698DED92ADB411900649E9B /* Build configuration list for PBXNativeTarget "APICallExample" */;
			buildPhases = (
				8CB93B13C819399FC465CC5F /* [CP] Check Pods Manifest.lock */,
				4698DEC12ADB411500649E9B /* Sources */,
				4698DEC22ADB411500649E9B /* Frameworks */,
				4698DEC32ADB411500649E9B /* Resources */,
				BCF4D655924B119442F6CD2D /* [CP] Embed Pods Frameworks */,
			);
			buildRules = (
			);
			dependencies = (
			);
			name = APICallExample;
			productName = APICallExample;
			productReference = 4698DEC52ADB411500649E9B /* APICallExample.app */;
			productType = "com.apple.product-type.application";
		};
/* End PBXNativeTarget section */

/* Begin PBXProject section */
		4698DEBD2ADB411500649E9B /* Project object */ = {
			isa = PBXProject;
			attributes = {
				BuildIndependentTargetsInParallel = 1;
				LastSwiftUpdateCheck = 1430;
				LastUpgradeCheck = 1430;
				TargetAttributes = {
					4698DEC42ADB411500649E9B = {
						CreatedOnToolsVersion = 14.3.1;
					};
				};
			};
			buildConfigurationList = 4698DEC02ADB411500649E9B /* Build configuration list for PBXProject "APICallExample" */;
			compatibilityVersion = "Xcode 14.0";
			developmentRegion = en;
			hasScannedForEncodings = 0;
			knownRegions = (
				en,
				Base,
			);
			mainGroup = 4698DEBC2ADB411500649E9B;
			productRefGroup = 4698DEC62ADB411500649E9B /* Products */;
			projectDirPath = "";
			projectRoot = "";
			targets = (
				4698DEC42ADB411500649E9B /* APICallExample */,
			);
		};
/* End PBXProject section */

/* Begin PBXResourcesBuildPhase section */
		4698DEC32ADB411500649E9B /* Resources */ = {
			isa = PBXResourcesBuildPhase;
			buildActionMask = 2147483647;
			files = (
				4698DED52ADB411900649E9B /* LaunchScreen.storyboard in Resources */,
				4698DED22ADB411900649E9B /* Assets.xcassets in Resources */,
				4698DED02ADB411500649E9B /* Main.storyboard in Resources */,
			);
			runOnlyForDeploymentPostprocessing = 0;
		};
/* End PBXResourcesBuildPhase section */

/* Begin PBXShellScriptBuildPhase section */
		8CB93B13C819399FC465CC5F /* [CP] Check Pods Manifest.lock */ = {
			isa = PBXShellScriptBuildPhase;
			buildActionMask = 2147483647;
			files = (
			);
			inputFileListPaths = (
			);
			inputPaths = (
				"${PODS_PODFILE_DIR_PATH}/Podfile.lock",
				"${PODS_ROOT}/Manifest.lock",
			);
			name = "[CP] Check Pods Manifest.lock";
			outputFileListPaths = (
			);
			outputPaths = (
				"$(DERIVED_FILE_DIR)/Pods-APICallExample-checkManifestLockResult.txt",
			);
			runOnlyForDeploymentPostprocessing = 0;
			shellPath = /bin/sh;
			shellScript = "diff \"${PODS_PODFILE_DIR_PATH}/Podfile.lock\" \"${PODS_ROOT}/Manifest.lock\" > /dev/null\nif [ $? != 0 ] ; then\n    # print error to STDERR\n    echo \"error: The sandbox is not in sync with the Podfile.lock. Run 'pod install' or update your CocoaPods installation.\" >&2\n    exit 1\nfi\n# This output is used by Xcode 'outputs' to avoid re-running this script phase.\necho \"SUCCESS\" > \"${SCRIPT_OUTPUT_FILE_0}\"\n";
			showEnvVarsInLog = 0;
		};
		BCF4D655924B119442F6CD2D /* [CP] Embed Pods Frameworks */ = {
			isa = PBXShellScriptBuildPhase;
			buildActionMask = 2147483647;
			files = (
			);
			inputFileListPaths = (
				"${PODS_ROOT}/Target Support Files/Pods-APICallExample/Pods-APICallExample-frameworks-${CONFIGURATION}-input-files.xcfilelist",
			);
			name = "[CP] Embed Pods Frameworks";
			outputFileListPaths = (
				"${PODS_ROOT}/Target Support Files/Pods-APICallExample/Pods-APICallExample-frameworks-${CONFIGURATION}-output-files.xcfilelist",
			);
			runOnlyForDeploymentPostprocessing = 0;
			shellPath = /bin/sh;
			shellScript = "\"${PODS_ROOT}/Target Support Files/Pods-APICallExample/Pods-APICallExample-frameworks.sh\"\n";
			showEnvVarsInLog = 0;
		};
/* End PBXShellScriptBuildPhase section */

/* Begin PBXSourcesBuildPhase section */
		4698DEC12ADB411500649E9B /* Sources */ = {
			isa = PBXSourcesBuildPhase;
			buildActionMask = 2147483647;
			files = (
				4698DECD2ADB411500649E9B /* ViewController.swift in Sources */,
				4698DEC92ADB411500649E9B /* AppDelegate.swift in Sources */,
				4698DECB2ADB411500649E9B /* SceneDelegate.swift in Sources */,
				4698DEDE2ADB435F00649E9B /* Constants.swift in Sources */,
			);
			runOnlyForDeploymentPostprocessing = 0;
		};
/* End PBXSourcesBuildPhase section */

/* Begin PBXVariantGroup section */
		4698DECE2ADB411500649E9B /* Main.storyboard */ = {
			isa = PBXVariantGroup;
			children = (
				4698DECF2ADB411500649E9B /* Base */,
			);
			name = Main.storyboard;
			sourceTree = "<group>";
		};
		4698DED32ADB411900649E9B /* LaunchScreen.storyboard */ = {
			isa = PBXVariantGroup;
			children = (
				4698DED42ADB411900649E9B /* Base */,
			);
			name = LaunchScreen.storyboard;
			sourceTree = "<group>";
		};
/* End PBXVariantGroup section */

/* Begin XCBuildConfiguration section */
		4698DED72ADB411900649E9B /* Debug */ = {
			isa = XCBuildConfiguration;
			buildSettings = {
				ALWAYS_SEARCH_USER_PATHS = NO;
				CLANG_ANALYZER_NONNULL = YES;
				CLANG_ANALYZER_NUMBER_OBJECT_CONVERSION = YES_AGGRESSIVE;
				CLANG_CXX_LANGUAGE_STANDARD = "gnu++20";
				CLANG_ENABLE_MODULES = YES;
				CLANG_ENABLE_OBJC_ARC = YES;
				CLANG_ENABLE_OBJC_WEAK = YES;
				CLANG_WARN_BLOCK_CAPTURE_AUTORELEASING = YES;
				CLANG_WARN_BOOL_CONVERSION = YES;
				CLANG_WARN_COMMA = YES;
				CLANG_WARN_CONSTANT_CONVERSION = YES;
				CLANG_WARN_DEPRECATED_OBJC_IMPLEMENTATIONS = YES;
				CLANG_WARN_DIRECT_OBJC_ISA_USAGE = YES_ERROR;
				CLANG_WARN_DOCUMENTATION_COMMENTS = YES;
				CLANG_WARN_EMPTY_BODY = YES;
				CLANG_WARN_ENUM_CONVERSION = YES;
				CLANG_WARN_INFINITE_RECURSION = YES;
				CLANG_WARN_INT_CONVERSION = YES;
				CLANG_WARN_NON_LITERAL_NULL_CONVERSION = YES;
				CLANG_WARN_OBJC_IMPLICIT_RETAIN_SELF = YES;
				CLANG_WARN_OBJC_LITERAL_CONVERSION = YES;
				CLANG_WARN_OBJC_ROOT_CLASS = YES_ERROR;
				CLANG_WARN_QUOTED_INCLUDE_IN_FRAMEWORK_HEADER = YES;
				CLANG_WARN_RANGE_LOOP_ANALYSIS = YES;
				CLANG_WARN_STRICT_PROTOTYPES = YES;
				CLANG_WARN_SUSPICIOUS_MOVE = YES;
				CLANG_WARN_UNGUARDED_AVAILABILITY = YES_AGGRESSIVE;
				CLANG_WARN_UNREACHABLE_CODE = YES;
				CLANG_WARN__DUPLICATE_METHOD_MATCH = YES;
				COPY_PHASE_STRIP = NO;
				DEBUG_INFORMATION_FORMAT = dwarf;
				ENABLE_STRICT_OBJC_MSGSEND = YES;
				ENABLE_TESTABILITY = YES;
				GCC_C_LANGUAGE_STANDARD = gnu11;
				GCC_DYNAMIC_NO_PIC = NO;
				GCC_NO_COMMON_BLOCKS = YES;
				GCC_OPTIMIZATION_LEVEL = 0;
				GCC_PREPROCESSOR_DEFINITIONS = (
					"DEBUG=1",
					"$(inherited)",
				);
				GCC_WARN_64_TO_32_BIT_CONVERSION = YES;
				GCC_WARN_ABOUT_RETURN_TYPE = YES_ERROR;
				GCC_WARN_UNDECLARED_SELECTOR = YES;
				GCC_WARN_UNINITIALIZED_AUTOS = YES_AGGRESSIVE;
				GCC_WARN_UNUSED_FUNCTION = YES;
				GCC_WARN_UNUSED_VARIABLE = YES;
				IPHONEOS_DEPLOYMENT_TARGET = 16.4;
				MTL_ENABLE_DEBUG_INFO = INCLUDE_SOURCE;
				MTL_FAST_MATH = YES;
				ONLY_ACTIVE_ARCH = YES;
				SDKROOT = iphoneos;
				SWIFT_ACTIVE_COMPILATION_CONDITIONS = DEBUG;
				SWIFT_OPTIMIZATION_LEVEL = "-Onone";
			};
			name = Debug;
		};
		4698DED82ADB411900649E9B /* Release */ = {
			isa = XCBuildConfiguration;
			buildSettings = {
				ALWAYS_SEARCH_USER_PATHS = NO;
				CLANG_ANALYZER_NONNULL = YES;
				CLANG_ANALYZER_NUMBER_OBJECT_CONVERSION = YES_AGGRESSIVE;
				CLANG_CXX_LANGUAGE_STANDARD = "gnu++20";
				CLANG_ENABLE_MODULES = YES;
				CLANG_ENABLE_OBJC_ARC = YES;
				CLANG_ENABLE_OBJC_WEAK = YES;
				CLANG_WARN_BLOCK_CAPTURE_AUTORELEASING = YES;
				CLANG_WARN_BOOL_CONVERSION = YES;
				CLANG_WARN_COMMA = YES;
				CLANG_WARN_CONSTANT_CONVERSION = YES;
				CLANG_WARN_DEPRECATED_OBJC_IMPLEMENTATIONS = YES;
				CLANG_WARN_DIRECT_OBJC_ISA_USAGE = YES_ERROR;
				CLANG_WARN_DOCUMENTATION_COMMENTS = YES;
				CLANG_WARN_EMPTY_BODY = YES;
				CLANG_WARN_ENUM_CONVERSION = YES;
				CLANG_WARN_INFINITE_RECURSION = YES;
				CLANG_WARN_INT_CONVERSION = YES;
				CLANG_WARN_NON_LITERAL_NULL_CONVERSION = YES;
				CLANG_WARN_OBJC_IMPLICIT_RETAIN_SELF = YES;
				CLANG_WARN_OBJC_LITERAL_CONVERSION = YES;
				CLANG_WARN_OBJC_ROOT_CLASS = YES_ERROR;
				CLANG_WARN_QUOTED_INCLUDE_IN_FRAMEWORK_HEADER = YES;
				CLANG_WARN_RANGE_LOOP_ANALYSIS = YES;
				CLANG_WARN_STRICT_PROTOTYPES = YES;
				CLANG_WARN_SUSPICIOUS_MOVE = YES;
				CLANG_WARN_UNGUARDED_AVAILABILITY = YES_AGGRESSIVE;
				CLANG_WARN_UNREACHABLE_CODE = YES;
				CLANG_WARN__DUPLICATE_METHOD_MATCH = YES;
				COPY_PHASE_STRIP = NO;
				DEBUG_INFORMATION_FORMAT = "dwarf-with-dsym";
				ENABLE_NS_ASSERTIONS = NO;
				ENABLE_STRICT_OBJC_MSGSEND = YES;
				GCC_C_LANGUAGE_STANDARD = gnu11;
				GCC_NO_COMMON_BLOCKS = YES;
				GCC_WARN_64_TO_32_BIT_CONVERSION = YES;
				GCC_WARN_ABOUT_RETURN_TYPE = YES_ERROR;
				GCC_WARN_UNDECLARED_SELECTOR = YES;
				GCC_WARN_UNINITIALIZED_AUTOS = YES_AGGRESSIVE;
				GCC_WARN_UNUSED_FUNCTION = YES;
				GCC_WARN_UNUSED_VARIABLE = YES;
				IPHONEOS_DEPLOYMENT_TARGET = 16.4;
				MTL_ENABLE_DEBUG_INFO = NO;
				MTL_FAST_MATH = YES;
				SDKROOT = iphoneos;
				SWIFT_COMPILATION_MODE = wholemodule;
				SWIFT_OPTIMIZATION_LEVEL = "-O";
				VALIDATE_PRODUCT = YES;
			};
			name = Release;
		};
		4698DEDA2ADB411900649E9B /* Debug */ = {
			isa = XCBuildConfiguration;
			baseConfigurationReference = 98DC9A04D0BC0B1032A30790 /* Pods-APICallExample.debug.xcconfig */;
			buildSettings = {
				ASSETCATALOG_COMPILER_APPICON_NAME = AppIcon;
				ASSETCATALOG_COMPILER_GLOBAL_ACCENT_COLOR_NAME = AccentColor;
				CODE_SIGN_STYLE = Automatic;
				CURRENT_PROJECT_VERSION = 1;
				DEVELOPMENT_TEAM = DJQS9YSS64;
				GENERATE_INFOPLIST_FILE = YES;
				INFOPLIST_FILE = APICallExample/Info.plist;
				INFOPLIST_KEY_UIApplicationSupportsIndirectInputEvents = YES;
				INFOPLIST_KEY_UILaunchStoryboardName = LaunchScreen;
				INFOPLIST_KEY_UIMainStoryboardFile = Main;
				INFOPLIST_KEY_UISupportedInterfaceOrientations_iPad = "UIInterfaceOrientationPortrait UIInterfaceOrientationPortraitUpsideDown UIInterfaceOrientationLandscapeLeft UIInterfaceOrientationLandscapeRight";
				INFOPLIST_KEY_UISupportedInterfaceOrientations_iPhone = "UIInterfaceOrientationPortrait UIInterfaceOrientationLandscapeLeft UIInterfaceOrientationLandscapeRight";
				LD_RUNPATH_SEARCH_PATHS = (
					"$(inherited)",
					"@executable_path/Frameworks",
				);
				MARKETING_VERSION = 1.0;
				PRODUCT_BUNDLE_IDENTIFIER = edu.northeastern.ashish.APICallExample;
				PRODUCT_NAME = "$(TARGET_NAME)";
				SWIFT_EMIT_LOC_STRINGS = YES;
				SWIFT_VERSION = 5.0;
				TARGETED_DEVICE_FAMILY = "1,2";
			};
			name = Debug;
		};
		4698DEDB2ADB411900649E9B /* Release */ = {
			isa = XCBuildConfiguration;
			baseConfigurationReference = 3EEAA1B23B4DBB35D99FEA38 /* Pods-APICallExample.release.xcconfig */;
			buildSettings = {
				ASSETCATALOG_COMPILER_APPICON_NAME = AppIcon;
				ASSETCATALOG_COMPILER_GLOBAL_ACCENT_COLOR_NAME = AccentColor;
				CODE_SIGN_STYLE = Automatic;
				CURRENT_PROJECT_VERSION = 1;
				DEVELOPMENT_TEAM = DJQS9YSS64;
				GENERATE_INFOPLIST_FILE = YES;
				INFOPLIST_FILE = APICallExample/Info.plist;
				INFOPLIST_KEY_UIApplicationSupportsIndirectInputEvents = YES;
				INFOPLIST_KEY_UILaunchStoryboardName = LaunchScreen;
				INFOPLIST_KEY_UIMainStoryboardFile = Main;
				INFOPLIST_KEY_UISupportedInterfaceOrientations_iPad = "UIInterfaceOrientationPortrait UIInterfaceOrientationPortraitUpsideDown UIInterfaceOrientationLandscapeLeft UIInterfaceOrientationLandscapeRight";
				INFOPLIST_KEY_UISupportedInterfaceOrientations_iPhone = "UIInterfaceOrientationPortrait UIInterfaceOrientationLandscapeLeft UIInterfaceOrientationLandscapeRight";
				LD_RUNPATH_SEARCH_PATHS = (
					"$(inherited)",
					"@executable_path/Frameworks",
				);
				MARKETING_VERSION = 1.0;
				PRODUCT_BUNDLE_IDENTIFIER = edu.northeastern.ashish.APICallExample;
				PRODUCT_NAME = "$(TARGET_NAME)";
				SWIFT_EMIT_LOC_STRINGS = YES;
				SWIFT_VERSION = 5.0;
				TARGETED_DEVICE_FAMILY = "1,2";
			};
			name = Release;
		};
/* End XCBuildConfiguration section */

/* Begin XCConfigurationList section */
		4698DEC02ADB411500649E9B /* Build configuration list for PBXProject "APICallExample" */ = {
			isa = XCConfigurationList;
			buildConfigurations = (
				4698DED72ADB411900649E9B /* Debug */,
				4698DED82ADB411900649E9B /* Release */,
			);
			defaultConfigurationIsVisible = 0;
			defaultConfigurationName = Release;
		};
		4698DED92ADB411900649E9B /* Build configuration list for PBXNativeTarget "APICallExample" */ = {
			isa = XCConfigurationList;
			buildConfigurations = (
				4698DEDA2ADB411900649E9B /* Debug */,
				4698DEDB2ADB411900649E9B /* Release */,
			);
			defaultConfigurationIsVisible = 0;
			defaultConfigurationName = Release;
		};
/* End XCConfigurationList section */
	};
	rootObject = 4698DEBD2ADB411500649E9B /* Project object */;
}
